
Microsoft Visual Studio Solution File, Format Version 12.00
# Visual Studio Version 17
VisualStudioVersion = 17.7.34202.233
MinimumVisualStudioVersion = 10.0.40219.1
Project("{FAE04EC0-301F-11D3-BF4B-00C04F79EFBC}") = "TH1", "TH1\TH1.csproj", "{8BBFB461-BD9B-4632-AFA0-A6465ED9F9E3}"
EndProject
Global
	GlobalSection(SolutionConfigurationPlatforms) = preSolution
		Debug|Any CPU = Debug|Any CPU
		Release|Any CPU = Release|Any CPU
	EndGlobalSection
	GlobalSection(ProjectConfigurationPlatforms) = postSolution
		{8BBFB461-BD9B-4632-AFA0-A6465ED9F9E3}.Debug|Any CPU.ActiveCfg = Debug|Any CPU
		{8BBFB461-BD9B-4632-AFA0-A6465ED9F9E3}.Debug|Any CPU.Build.0 = Debug|Any CPU
		{8BBFB461-BD9B-4632-AFA0-A6465ED9F9E3}.Release|Any CPU.ActiveCfg = Release|Any CPU
		{8BBFB461-BD9B-4632-AFA0-A6465ED9F9E3}.Release|Any CPU.Build.0 = Release|Any CPU
	EndGlobalSection
	GlobalSection(SolutionProperties) = preSolution
		HideSolutionNode = FALSE
	EndGlobalSection
	GlobalSection(ExtensibilityGlobals) = postSolution
		SolutionGuid = {E75C4B8D-71B3-4CC0-B119-2F60D6CDEC6C}
	EndGlobalSection
EndGlobal
