
Microsoft Visual Studio Solution File, Format Version 12.00
# Visual Studio Version 17
VisualStudioVersion = 17.7.34031.279
MinimumVisualStudioVersion = 10.0.40219.1
Project("{FAE04EC0-301F-11D3-BF4B-00C04F79EFBC}") = "CGO_B4", "CGO_B4\CGO_B4.csproj", "{B7BA8309-4403-4B30-8650-0AABBDBF1AE4}"
EndProject
Project("{FAE04EC0-301F-11D3-BF4B-00C04F79EFBC}") = "TH1", "TH1\TH1.csproj", "{55747DF2-D385-428B-B32C-FDCF6210186C}"
EndProject
Project("{FAE04EC0-301F-11D3-BF4B-00C04F79EFBC}") = "TH2", "TH2\TH2.csproj", "{3F4926D0-1B2F-43DD-8A60-75F69962AC2C}"
EndProject
Project("{FAE04EC0-301F-11D3-BF4B-00C04F79EFBC}") = "BT1", "BT1\BT1.csproj", "{D3845FF6-F927-46DA-87EA-3B70E0692828}"
EndProject
Project("{FAE04EC0-301F-11D3-BF4B-00C04F79EFBC}") = "BT2", "BT2\BT2.csproj", "{E5024855-88DC-410F-AC52-82CD438D547E}"
EndProject
Global
	GlobalSection(SolutionConfigurationPlatforms) = preSolution
		Debug|Any CPU = Debug|Any CPU
		Release|Any CPU = Release|Any CPU
	EndGlobalSection
	GlobalSection(ProjectConfigurationPlatforms) = postSolution
		{B7BA8309-4403-4B30-8650-0AABBDBF1AE4}.Debug|Any CPU.ActiveCfg = Debug|Any CPU
		{B7BA8309-4403-4B30-8650-0AABBDBF1AE4}.Debug|Any CPU.Build.0 = Debug|Any CPU
		{B7BA8309-4403-4B30-8650-0AABBDBF1AE4}.Release|Any CPU.ActiveCfg = Release|Any CPU
		{B7BA8309-4403-4B30-8650-0AABBDBF1AE4}.Release|Any CPU.Build.0 = Release|Any CPU
		{55747DF2-D385-428B-B32C-FDCF6210186C}.Debug|Any CPU.ActiveCfg = Debug|Any CPU
		{55747DF2-D385-428B-B32C-FDCF6210186C}.Debug|Any CPU.Build.0 = Debug|Any CPU
		{55747DF2-D385-428B-B32C-FDCF6210186C}.Release|Any CPU.ActiveCfg = Release|Any CPU
		{55747DF2-D385-428B-B32C-FDCF6210186C}.Release|Any CPU.Build.0 = Release|Any CPU
		{3F4926D0-1B2F-43DD-8A60-75F69962AC2C}.Debug|Any CPU.ActiveCfg = Debug|Any CPU
		{3F4926D0-1B2F-43DD-8A60-75F69962AC2C}.Debug|Any CPU.Build.0 = Debug|Any CPU
		{3F4926D0-1B2F-43DD-8A60-75F69962AC2C}.Release|Any CPU.ActiveCfg = Release|Any CPU
		{3F4926D0-1B2F-43DD-8A60-75F69962AC2C}.Release|Any CPU.Build.0 = Release|Any CPU
		{D3845FF6-F927-46DA-87EA-3B70E0692828}.Debug|Any CPU.ActiveCfg = Debug|Any CPU
		{D3845FF6-F927-46DA-87EA-3B70E0692828}.Debug|Any CPU.Build.0 = Debug|Any CPU
		{D3845FF6-F927-46DA-87EA-3B70E0692828}.Release|Any CPU.ActiveCfg = Release|Any CPU
		{D3845FF6-F927-46DA-87EA-3B70E0692828}.Release|Any CPU.Build.0 = Release|Any CPU
		{E5024855-88DC-410F-AC52-82CD438D547E}.Debug|Any CPU.ActiveCfg = Debug|Any CPU
		{E5024855-88DC-410F-AC52-82CD438D547E}.Debug|Any CPU.Build.0 = Debug|Any CPU
		{E5024855-88DC-410F-AC52-82CD438D547E}.Release|Any CPU.ActiveCfg = Release|Any CPU
		{E5024855-88DC-410F-AC52-82CD438D547E}.Release|Any CPU.Build.0 = Release|Any CPU
	EndGlobalSection
	GlobalSection(SolutionProperties) = preSolution
		HideSolutionNode = FALSE
	EndGlobalSection
	GlobalSection(ExtensibilityGlobals) = postSolution
		SolutionGuid = {F291B435-3A4D-4536-BEF4-661FC884C122}
	EndGlobalSection
EndGlobal
